{
  "name": "webp-converter-wordpress",
  "version": "1.0.0",
  "lockfileVersion": 1,
  "requires": true,
  "dependencies": {
    "directory-tree": {
      "version": "2.4.0",
      "resolved": "https://registry.npmjs.org/directory-tree/-/directory-tree-2.4.0.tgz",
      "integrity": "sha512-AM03Th+ypDAHefyB6SP3uezaWkTbol1P43CS5yFU7wePTuHnR4YoHgY6KbGHLr/a065ocN26l9lXOoFBzzM31w=="
    },
    "uuid": {
      "version": "8.3.2",
      "resolved": "https://registry.npmjs.org/uuid/-/uuid-8.3.2.tgz",
      "integrity": "sha512-+NYs2QeMWy+GWFOEm9xnn6HCDp0l7QBD7ml8zLUmJ+93Q5NF0NocErnwkTkXVFNiX3/fpC6afS8Dhb/gz7R7eg=="
    },
    "webp-converter": {
      "version": "2.3.3",
      "resolved": "https://registry.npmjs.org/webp-converter/-/webp-converter-2.3.3.tgz",
      "integrity": "sha512-2p4XvPCIQ/CbUztEFA9vdkILVrRTdMtMxFpQTxlnPc3qx14MV5wnpVvK7m6pG70QdeL+Ser0+Tp843ONwh8VbQ==",
      "requires": {
        "uuid": "^8.3.2"
      }
    }
  }
}
